
Microsoft Visual Studio Solution File, Format Version 12.00
# Visual Studio Version 17
VisualStudioVersion = 17.4.33213.308
MinimumVisualStudioVersion = 10.0.40219.1
Project("{FAE04EC0-301F-11D3-BF4B-00C04F79EFBC}") = "eShopSolutionV1.API", "eShopSolutionV1.API\eShopSolutionV1.API.csproj", "{FA09E452-8149-4779-AA62-6EBA5A6895C1}"
EndProject
Global
	GlobalSection(SolutionConfigurationPlatforms) = preSolution
		Debug|Any CPU = Debug|Any CPU
		Release|Any CPU = Release|Any CPU
	EndGlobalSection
	GlobalSection(ProjectConfigurationPlatforms) = postSolution
		{FA09E452-8149-4779-AA62-6EBA5A6895C1}.Debug|Any CPU.ActiveCfg = Debug|Any CPU
		{FA09E452-8149-4779-AA62-6EBA5A6895C1}.Debug|Any CPU.Build.0 = Debug|Any CPU
		{FA09E452-8149-4779-AA62-6EBA5A6895C1}.Release|Any CPU.ActiveCfg = Release|Any CPU
		{FA09E452-8149-4779-AA62-6EBA5A6895C1}.Release|Any CPU.Build.0 = Release|Any CPU
	EndGlobalSection
	GlobalSection(SolutionProperties) = preSolution
		HideSolutionNode = FALSE
	EndGlobalSection
	GlobalSection(ExtensibilityGlobals) = postSolution
		SolutionGuid = {223FB117-EA36-45D7-9ED1-E4B7DD0F2B3A}
	EndGlobalSection
EndGlobal
